// !$*UTF8*$!
{
	archiveVersion = 1;
	classes = {
	};
	objectVersion = 50;
	objects = {

/* Begin PBXBuildFile section */
		052088A523768F49009D3900 /* Profile Updated.swift in Sources */ = {isa = PBXBuildFile; fileRef = 052088A423768F49009D3900 /* Profile Updated.swift */; };
		0585782323765BAA00E4A480 /* LaunchScreen.storyboard in Resources */ = {isa = PBXBuildFile; fileRef = 0585782223765BAA00E4A480 /* LaunchScreen.storyboard */; };
		0585782523765D5B00E4A480 /* applogo1.png in Resources */ = {isa = PBXBuildFile; fileRef = 0585782423765D5B00E4A480 /* applogo1.png */; };
		05857839237662A500E4A480 /* @60.png in Resources */ = {isa = PBXBuildFile; fileRef = 05857833237662A400E4A480 /* @60.png */; };
		0585783A237662A500E4A480 /* @87.png in Resources */ = {isa = PBXBuildFile; fileRef = 05857834237662A400E4A480 /* @87.png */; };
		0585783B237662A500E4A480 /* @180.png in Resources */ = {isa = PBXBuildFile; fileRef = 05857835237662A400E4A480 /* @180.png */; };
		0585783C237662A500E4A480 /* @80.png in Resources */ = {isa = PBXBuildFile; fileRef = 05857836237662A400E4A480 /* @80.png */; };
		0585783D237662A500E4A480 /* @40.png in Resources */ = {isa = PBXBuildFile; fileRef = 05857837237662A500E4A480 /* @40.png */; };
		0585783E237662A500E4A480 /* @120.png in Resources */ = {isa = PBXBuildFile; fileRef = 05857838237662A500E4A480 /* @120.png */; };
		058578402376631900E4A480 /* @58.png in Resources */ = {isa = PBXBuildFile; fileRef = 0585783F2376631900E4A480 /* @58.png */; };
		05857842237663EB00E4A480 /* home_page_client.swift in Sources */ = {isa = PBXBuildFile; fileRef = 05857841237663EB00E4A480 /* home_page_client.swift */; };
		058578442376663A00E4A480 /* nancy.png in Resources */ = {isa = PBXBuildFile; fileRef = 058578432376663A00E4A480 /* nancy.png */; };
		058578462376677400E4A480 /* rectangle_button.png in Resources */ = {isa = PBXBuildFile; fileRef = 058578452376677300E4A480 /* rectangle_button.png */; };
		0585785023766C9700E4A480 /* clock.png in Resources */ = {isa = PBXBuildFile; fileRef = 0585784D23766C9600E4A480 /* clock.png */; };
		0585785123766C9700E4A480 /* note.png in Resources */ = {isa = PBXBuildFile; fileRef = 0585784E23766C9600E4A480 /* note.png */; };
		0585785223766C9700E4A480 /* classt copy.png in Resources */ = {isa = PBXBuildFile; fileRef = 0585784F23766C9600E4A480 /* classt copy.png */; };
		05857856237681CD00E4A480 /* logicon.png in Resources */ = {isa = PBXBuildFile; fileRef = 05857855237681CD00E4A480 /* logicon.png */; };
		058578582376840B00E4A480 /* done_1.png in Resources */ = {isa = PBXBuildFile; fileRef = 058578572376840B00E4A480 /* done_1.png */; };
		0585785A2376849400E4A480 /* loging_outViewController.swift in Sources */ = {isa = PBXBuildFile; fileRef = 058578592376849400E4A480 /* loging_outViewController.swift */; };
		0585785C2376854600E4A480 /* Profile.swift in Sources */ = {isa = PBXBuildFile; fileRef = 0585785B2376854600E4A480 /* Profile.swift */; };
		0585785E23768A7500E4A480 /* rectangle red.png in Resources */ = {isa = PBXBuildFile; fileRef = 0585785D23768A7500E4A480 /* rectangle red.png */; };
		05ACF7542376270300F88507 /* NEWUSER.png in Resources */ = {isa = PBXBuildFile; fileRef = 05ACF74D2376270300F88507 /* NEWUSER.png */; };
		05ACF7552376270300F88507 /* log3.png in Resources */ = {isa = PBXBuildFile; fileRef = 05ACF74E2376270300F88507 /* log3.png */; };
		05ACF7562376270300F88507 /* WALLPAPER.jpg in Resources */ = {isa = PBXBuildFile; fileRef = 05ACF74F2376270300F88507 /* WALLPAPER.jpg */; };
		05ACF7572376270300F88507 /* log2.png in Resources */ = {isa = PBXBuildFile; fileRef = 05ACF7502376270300F88507 /* log2.png */; };
		05ACF7582376270300F88507 /* log1.png in Resources */ = {isa = PBXBuildFile; fileRef = 05ACF7512376270300F88507 /* log1.png */; };
		05ACF7592376270300F88507 /* twitter.png in Resources */ = {isa = PBXBuildFile; fileRef = 05ACF7522376270300F88507 /* twitter.png */; };
		05ACF75A2376270300F88507 /* FB.png in Resources */ = {isa = PBXBuildFile; fileRef = 05ACF7532376270300F88507 /* FB.png */; };
		05ACF75D237628BC00F88507 /* radio2.png in Resources */ = {isa = PBXBuildFile; fileRef = 05ACF75B237628BC00F88507 /* radio2.png */; };
		05ACF75E237628BC00F88507 /* radio.png in Resources */ = {isa = PBXBuildFile; fileRef = 05ACF75C237628BC00F88507 /* radio.png */; };
		05ACF76023762BDD00F88507 /* Done_reg.swift in Sources */ = {isa = PBXBuildFile; fileRef = 05ACF75F23762BDD00F88507 /* Done_reg.swift */; };
		05ACF76423762F4600F88507 /* under_.png in Resources */ = {isa = PBXBuildFile; fileRef = 05ACF76323762F4500F88507 /* under_.png */; };
		05ACF7662376311E00F88507 /* Error_page.swift in Sources */ = {isa = PBXBuildFile; fileRef = 05ACF7652376311E00F88507 /* Error_page.swift */; };
		05ACF7682376343F00F88507 /* Reset_Password.swift in Sources */ = {isa = PBXBuildFile; fileRef = 05ACF7672376343F00F88507 /* Reset_Password.swift */; };
		05ACF76A23763B2500F88507 /* Done_reset.swift in Sources */ = {isa = PBXBuildFile; fileRef = 05ACF76923763B2500F88507 /* Done_reset.swift */; };
		05ACF76C2376420600F88507 /* check.png in Resources */ = {isa = PBXBuildFile; fileRef = 05ACF76B2376420600F88507 /* check.png */; };
		05C8061C23771D26000F3788 /* Schedule_page.swift in Sources */ = {isa = PBXBuildFile; fileRef = 05C8061B23771D26000F3788 /* Schedule_page.swift */; };
		05C8061E23771EA0000F3788 /* add_circle.png in Resources */ = {isa = PBXBuildFile; fileRef = 05C8061D23771E9F000F3788 /* add_circle.png */; };
		05C80622237727C6000F3788 /* draamaya.jpg in Resources */ = {isa = PBXBuildFile; fileRef = 05C80621237727C6000F3788 /* draamaya.jpg */; };
		05C8062423772F0D000F3788 /* others.swift in Sources */ = {isa = PBXBuildFile; fileRef = 05C8062323772F0D000F3788 /* others.swift */; };
		05E225FB237622A500820B70 /* Register_page.swift in Sources */ = {isa = PBXBuildFile; fileRef = 05E225FA237622A500820B70 /* Register_page.swift */; };
		05FC37A823760AFF00BC2118 /* AppDelegate.swift in Sources */ = {isa = PBXBuildFile; fileRef = 05FC37A723760AFF00BC2118 /* AppDelegate.swift */; };
		05FC37AA23760AFF00BC2118 /* ViewController.swift in Sources */ = {isa = PBXBuildFile; fileRef = 05FC37A923760AFF00BC2118 /* ViewController.swift */; };
		05FC37AD23760AFF00BC2118 /* Main.storyboard in Resources */ = {isa = PBXBuildFile; fileRef = 05FC37AB23760AFF00BC2118 /* Main.storyboard */; };
		05FC37AF23760B0000BC2118 /* Assets.xcassets in Resources */ = {isa = PBXBuildFile; fileRef = 05FC37AE23760B0000BC2118 /* Assets.xcassets */; };
/* End PBXBuildFile section */

/* Begin PBXFileReference section */
		052088A423768F49009D3900 /* Profile Updated.swift */ = {isa = PBXFileReference; lastKnownFileType = sourcecode.swift; path = "Profile Updated.swift"; sourceTree = "<group>"; };
		0585782223765BAA00E4A480 /* LaunchScreen.storyboard */ = {isa = PBXFileReference; fileEncoding = 4; lastKnownFileType = file.storyboard; path = LaunchScreen.storyboard; sourceTree = "<group>"; };
		0585782423765D5B00E4A480 /* applogo1.png */ = {isa = PBXFileReference; lastKnownFileType = image.png; path = applogo1.png; sourceTree = "<group>"; };
		05857833237662A400E4A480 /* @60.png */ = {isa = PBXFileReference; lastKnownFileType = image.png; path = "@60.png"; sourceTree = "<group>"; };
		05857834237662A400E4A480 /* @87.png */ = {isa = PBXFileReference; lastKnownFileType = image.png; path = "@87.png"; sourceTree = "<group>"; };
		05857835237662A400E4A480 /* @180.png */ = {isa = PBXFileReference; lastKnownFileType = image.png; path = "@180.png"; sourceTree = "<group>"; };
		05857836237662A400E4A480 /* @80.png */ = {isa = PBXFileReference; lastKnownFileType = image.png; path = "@80.png"; sourceTree = "<group>"; };
		05857837237662A500E4A480 /* @40.png */ = {isa = PBXFileReference; lastKnownFileType = image.png; path = "@40.png"; sourceTree = "<group>"; };
		05857838237662A500E4A480 /* @120.png */ = {isa = PBXFileReference; lastKnownFileType = image.png; path = "@120.png"; sourceTree = "<group>"; };
		0585783F2376631900E4A480 /* @58.png */ = {isa = PBXFileReference; lastKnownFileType = image.png; path = "@58.png"; sourceTree = "<group>"; };
		05857841237663EB00E4A480 /* home_page_client.swift */ = {isa = PBXFileReference; lastKnownFileType = sourcecode.swift; path = home_page_client.swift; sourceTree = "<group>"; };
		058578432376663A00E4A480 /* nancy.png */ = {isa = PBXFileReference; lastKnownFileType = image.png; path = nancy.png; sourceTree = "<group>"; };
		058578452376677300E4A480 /* rectangle_button.png */ = {isa = PBXFileReference; lastKnownFileType = image.png; path = rectangle_button.png; sourceTree = "<group>"; };
		0585784D23766C9600E4A480 /* clock.png */ = {isa = PBXFileReference; lastKnownFileType = image.png; name = clock.png; path = ../../../clock.png; sourceTree = "<group>"; };
		0585784E23766C9600E4A480 /* note.png */ = {isa = PBXFileReference; lastKnownFileType = image.png; name = note.png; path = ../../../note.png; sourceTree = "<group>"; };
		0585784F23766C9600E4A480 /* classt copy.png */ = {isa = PBXFileReference; lastKnownFileType = image.png; name = "classt copy.png"; path = "../../../classt copy.png"; sourceTree = "<group>"; };
		05857855237681CD00E4A480 /* logicon.png */ = {isa = PBXFileReference; lastKnownFileType = image.png; path = logicon.png; sourceTree = "<group>"; };
		058578572376840B00E4A480 /* done_1.png */ = {isa = PBXFileReference; lastKnownFileType = image.png; path = done_1.png; sourceTree = "<group>"; };
		058578592376849400E4A480 /* loging_outViewController.swift */ = {isa = PBXFileReference; lastKnownFileType = sourcecode.swift; path = loging_outViewController.swift; sourceTree = "<group>"; };
		0585785B2376854600E4A480 /* Profile.swift */ = {isa = PBXFileReference; lastKnownFileType = sourcecode.swift; path = Profile.swift; sourceTree = "<group>"; };
		0585785D23768A7500E4A480 /* rectangle red.png */ = {isa = PBXFileReference; lastKnownFileType = image.png; name = "rectangle red.png"; path = "../../../rectangle red.png"; sourceTree = "<group>"; };
		05ACF74D2376270300F88507 /* NEWUSER.png */ = {isa = PBXFileReference; lastKnownFileType = image.png; path = NEWUSER.png; sourceTree = "<group>"; };
		05ACF74E2376270300F88507 /* log3.png */ = {isa = PBXFileReference; lastKnownFileType = image.png; path = log3.png; sourceTree = "<group>"; };
		05ACF74F2376270300F88507 /* WALLPAPER.jpg */ = {isa = PBXFileReference; lastKnownFileType = image.jpeg; path = WALLPAPER.jpg; sourceTree = "<group>"; };
		05ACF7502376270300F88507 /* log2.png */ = {isa = PBXFileReference; lastKnownFileType = image.png; path = log2.png; sourceTree = "<group>"; };
		05ACF7512376270300F88507 /* log1.png */ = {isa = PBXFileReference; lastKnownFileType = image.png; path = log1.png; sourceTree = "<group>"; };
		05ACF7522376270300F88507 /* twitter.png */ = {isa = PBXFileReference; lastKnownFileType = image.png; path = twitter.png; sourceTree = "<group>"; };
		05ACF7532376270300F88507 /* FB.png */ = {isa = PBXFileReference; lastKnownFileType = image.png; path = FB.png; sourceTree = "<group>"; };
		05ACF75B237628BC00F88507 /* radio2.png */ = {isa = PBXFileReference; lastKnownFileType = image.png; path = radio2.png; sourceTree = "<group>"; };
		05ACF75C237628BC00F88507 /* radio.png */ = {isa = PBXFileReference; lastKnownFileType = image.png; path = radio.png; sourceTree = "<group>"; };
		05ACF75F23762BDD00F88507 /* Done_reg.swift */ = {isa = PBXFileReference; lastKnownFileType = sourcecode.swift; path = Done_reg.swift; sourceTree = "<group>"; };
		05ACF76323762F4500F88507 /* under_.png */ = {isa = PBXFileReference; lastKnownFileType = image.png; path = under_.png; sourceTree = "<group>"; };
		05ACF7652376311E00F88507 /* Error_page.swift */ = {isa = PBXFileReference; lastKnownFileType = sourcecode.swift; path = Error_page.swift; sourceTree = "<group>"; };
		05ACF7672376343F00F88507 /* Reset_Password.swift */ = {isa = PBXFileReference; lastKnownFileType = sourcecode.swift; path = Reset_Password.swift; sourceTree = "<group>"; };
		05ACF76923763B2500F88507 /* Done_reset.swift */ = {isa = PBXFileReference; lastKnownFileType = sourcecode.swift; path = Done_reset.swift; sourceTree = "<group>"; };
		05ACF76B2376420600F88507 /* check.png */ = {isa = PBXFileReference; lastKnownFileType = image.png; path = check.png; sourceTree = "<group>"; };
		05C8061B23771D26000F3788 /* Schedule_page.swift */ = {isa = PBXFileReference; lastKnownFileType = sourcecode.swift; path = Schedule_page.swift; sourceTree = "<group>"; };
		05C8061D23771E9F000F3788 /* add_circle.png */ = {isa = PBXFileReference; lastKnownFileType = image.png; path = add_circle.png; sourceTree = "<group>"; };
		05C80621237727C6000F3788 /* draamaya.jpg */ = {isa = PBXFileReference; lastKnownFileType = image.jpeg; path = draamaya.jpg; sourceTree = "<group>"; };
		05C8062323772F0D000F3788 /* others.swift */ = {isa = PBXFileReference; lastKnownFileType = sourcecode.swift; path = others.swift; sourceTree = "<group>"; };
		05E225FA237622A500820B70 /* Register_page.swift */ = {isa = PBXFileReference; lastKnownFileType = sourcecode.swift; path = Register_page.swift; sourceTree = "<group>"; };
		05FC37A423760AFF00BC2118 /* Bearthworld.app */ = {isa = PBXFileReference; explicitFileType = wrapper.application; includeInIndex = 0; path = Bearthworld.app; sourceTree = BUILT_PRODUCTS_DIR; };
		05FC37A723760AFF00BC2118 /* AppDelegate.swift */ = {isa = PBXFileReference; lastKnownFileType = sourcecode.swift; path = AppDelegate.swift; sourceTree = "<group>"; };
		05FC37A923760AFF00BC2118 /* ViewController.swift */ = {isa = PBXFileReference; lastKnownFileType = sourcecode.swift; path = ViewController.swift; sourceTree = "<group>"; };
		05FC37AC23760AFF00BC2118 /* Base */ = {isa = PBXFileReference; lastKnownFileType = file.storyboard; name = Base; path = Base.lproj/Main.storyboard; sourceTree = "<group>"; };
		05FC37AE23760B0000BC2118 /* Assets.xcassets */ = {isa = PBXFileReference; lastKnownFileType = folder.assetcatalog; path = Assets.xcassets; sourceTree = "<group>"; };
		05FC37B323760B0000BC2118 /* Info.plist */ = {isa = PBXFileReference; lastKnownFileType = text.plist.xml; path = Info.plist; sourceTree = "<group>"; };
/* End PBXFileReference section */

/* Begin PBXFrameworksBuildPhase section */
		05FC37A123760AFF00BC2118 /* Frameworks */ = {
			isa = PBXFrameworksBuildPhase;
			buildActionMask = 2147483647;
			files = (
			);
			runOnlyForDeploymentPostprocessing = 0;
		};
/* End PBXFrameworksBuildPhase section */

/* Begin PBXGroup section */
		05ACF74C237626DC00F88507 /* imgs */ = {
			isa = PBXGroup;
			children = (
				05C80621237727C6000F3788 /* draamaya.jpg */,
				05857855237681CD00E4A480 /* logicon.png */,
				05C8061D23771E9F000F3788 /* add_circle.png */,
				0585785D23768A7500E4A480 /* rectangle red.png */,
				058578572376840B00E4A480 /* done_1.png */,
				058578452376677300E4A480 /* rectangle_button.png */,
				058578432376663A00E4A480 /* nancy.png */,
				0585784F23766C9600E4A480 /* classt copy.png */,
				0585784D23766C9600E4A480 /* clock.png */,
				0585784E23766C9600E4A480 /* note.png */,
				05ACF7532376270300F88507 /* FB.png */,
				05ACF76323762F4500F88507 /* under_.png */,
				05ACF75C237628BC00F88507 /* radio.png */,
				05ACF75B237628BC00F88507 /* radio2.png */,
				05ACF7512376270300F88507 /* log1.png */,
				05ACF76B2376420600F88507 /* check.png */,
				05ACF7502376270300F88507 /* log2.png */,
				05ACF74E2376270300F88507 /* log3.png */,
				05ACF74D2376270300F88507 /* NEWUSER.png */,
				05ACF7522376270300F88507 /* twitter.png */,
				05ACF74F2376270300F88507 /* WALLPAPER.jpg */,
			);
			path = imgs;
			sourceTree = "<group>";
		};
		05FC379B23760AFF00BC2118 = {
			isa = PBXGroup;
			children = (
				05FC37A623760AFF00BC2118 /* Bearthworld */,
				05FC37A523760AFF00BC2118 /* Products */,
			);
			sourceTree = "<group>";
		};
		05FC37A523760AFF00BC2118 /* Products */ = {
			isa = PBXGroup;
			children = (
				05FC37A423760AFF00BC2118 /* Bearthworld.app */,
			);
			name = Products;
			sourceTree = "<group>";
		};
		05FC37A623760AFF00BC2118 /* Bearthworld */ = {
			isa = PBXGroup;
			children = (
				05FC37AB23760AFF00BC2118 /* Main.storyboard */,
				05C8062323772F0D000F3788 /* others.swift */,
				05C8061B23771D26000F3788 /* Schedule_page.swift */,
				05FC37A723760AFF00BC2118 /* AppDelegate.swift */,
				052088A423768F49009D3900 /* Profile Updated.swift */,
				0585785B2376854600E4A480 /* Profile.swift */,
				058578592376849400E4A480 /* loging_outViewController.swift */,
				05857841237663EB00E4A480 /* home_page_client.swift */,
				05FC37A923760AFF00BC2118 /* ViewController.swift */,
				05E225FA237622A500820B70 /* Register_page.swift */,
				05ACF75F23762BDD00F88507 /* Done_reg.swift */,
				05ACF7672376343F00F88507 /* Reset_Password.swift */,
				05ACF7652376311E00F88507 /* Error_page.swift */,
				05ACF76923763B2500F88507 /* Done_reset.swift */,
				05ACF74C237626DC00F88507 /* imgs */,
				05FC37AE23760B0000BC2118 /* Assets.xcassets */,
				05857837237662A500E4A480 /* @40.png */,
				0585783F2376631900E4A480 /* @58.png */,
				05857833237662A400E4A480 /* @60.png */,
				05857836237662A400E4A480 /* @80.png */,
				05857834237662A400E4A480 /* @87.png */,
				05857838237662A500E4A480 /* @120.png */,
				05857835237662A400E4A480 /* @180.png */,
				0585782423765D5B00E4A480 /* applogo1.png */,
				0585782223765BAA00E4A480 /* LaunchScreen.storyboard */,
				05FC37B323760B0000BC2118 /* Info.plist */,
			);
			path = Bearthworld;
			sourceTree = "<group>";
		};
/* End PBXGroup section */

/* Begin PBXNativeTarget section */
		05FC37A323760AFF00BC2118 /* Bearthworld */ = {
			isa = PBXNativeTarget;
			buildConfigurationList = 05FC37B623760B0000BC2118 /* Build configuration list for PBXNativeTarget "Bearthworld" */;
			buildPhases = (
				05FC37A023760AFF00BC2118 /* Sources */,
				05FC37A123760AFF00BC2118 /* Frameworks */,
				05FC37A223760AFF00BC2118 /* Resources */,
			);
			buildRules = (
			);
			dependencies = (
			);
			name = Bearthworld;
			productName = Bearthworld;
			productReference = 05FC37A423760AFF00BC2118 /* Bearthworld.app */;
			productType = "com.apple.product-type.application";
		};
/* End PBXNativeTarget section */

/* Begin PBXProject section */
		05FC379C23760AFF00BC2118 /* Project object */ = {
			isa = PBXProject;
			attributes = {
				LastSwiftUpdateCheck = 0940;
				LastUpgradeCheck = 0940;
				ORGANIZATIONNAME = UMKC;
				TargetAttributes = {
					05FC37A323760AFF00BC2118 = {
						CreatedOnToolsVersion = 9.4;
						LastSwiftMigration = 1120;
					};
				};
			};
			buildConfigurationList = 05FC379F23760AFF00BC2118 /* Build configuration list for PBXProject "Bearthworld" */;
			compatibilityVersion = "Xcode 9.3";
			developmentRegion = en;
			hasScannedForEncodings = 0;
			knownRegions = (
				en,
				Base,
			);
			mainGroup = 05FC379B23760AFF00BC2118;
			productRefGroup = 05FC37A523760AFF00BC2118 /* Products */;
			projectDirPath = "";
			projectRoot = "";
			targets = (
				05FC37A323760AFF00BC2118 /* Bearthworld */,
			);
		};
/* End PBXProject section */

/* Begin PBXResourcesBuildPhase section */
		05FC37A223760AFF00BC2118 /* Resources */ = {
			isa = PBXResourcesBuildPhase;
			buildActionMask = 2147483647;
			files = (
				0585783B237662A500E4A480 /* @180.png in Resources */,
				05857839237662A500E4A480 /* @60.png in Resources */,
				05ACF7562376270300F88507 /* WALLPAPER.jpg in Resources */,
				05ACF76C2376420600F88507 /* check.png in Resources */,
				05ACF76423762F4600F88507 /* under_.png in Resources */,
				0585785123766C9700E4A480 /* note.png in Resources */,
				0585785223766C9700E4A480 /* classt copy.png in Resources */,
				0585782523765D5B00E4A480 /* applogo1.png in Resources */,
				0585783E237662A500E4A480 /* @120.png in Resources */,
				0585783A237662A500E4A480 /* @87.png in Resources */,
				058578442376663A00E4A480 /* nancy.png in Resources */,
				05ACF7552376270300F88507 /* log3.png in Resources */,
				0585785E23768A7500E4A480 /* rectangle red.png in Resources */,
				0585783C237662A500E4A480 /* @80.png in Resources */,
				0585785023766C9700E4A480 /* clock.png in Resources */,
				05FC37AF23760B0000BC2118 /* Assets.xcassets in Resources */,
				05FC37AD23760AFF00BC2118 /* Main.storyboard in Resources */,
				05ACF75A2376270300F88507 /* FB.png in Resources */,
				05857856237681CD00E4A480 /* logicon.png in Resources */,
				058578582376840B00E4A480 /* done_1.png in Resources */,
				05ACF7572376270300F88507 /* log2.png in Resources */,
				05ACF75E237628BC00F88507 /* radio.png in Resources */,
				058578402376631900E4A480 /* @58.png in Resources */,
				05ACF7592376270300F88507 /* twitter.png in Resources */,
				05ACF7582376270300F88507 /* log1.png in Resources */,
				0585782323765BAA00E4A480 /* LaunchScreen.storyboard in Resources */,
				05ACF7542376270300F88507 /* NEWUSER.png in Resources */,
				05C80622237727C6000F3788 /* draamaya.jpg in Resources */,
				0585783D237662A500E4A480 /* @40.png in Resources */,
				05ACF75D237628BC00F88507 /* radio2.png in Resources */,
				058578462376677400E4A480 /* rectangle_button.png in Resources */,
				05C8061E23771EA0000F3788 /* add_circle.png in Resources */,
			);
			runOnlyForDeploymentPostprocessing = 0;
		};
/* End PBXResourcesBuildPhase section */

/* Begin PBXSourcesBuildPhase section */
		05FC37A023760AFF00BC2118 /* Sources */ = {
			isa = PBXSourcesBuildPhase;
			buildActionMask = 2147483647;
			files = (
				05ACF7662376311E00F88507 /* Error_page.swift in Sources */,
				0585785C2376854600E4A480 /* Profile.swift in Sources */,
				05ACF76023762BDD00F88507 /* Done_reg.swift in Sources */,
				0585785A2376849400E4A480 /* loging_outViewController.swift in Sources */,
				05C8062423772F0D000F3788 /* others.swift in Sources */,
				05FC37AA23760AFF00BC2118 /* ViewController.swift in Sources */,
				05ACF76A23763B2500F88507 /* Done_reset.swift in Sources */,
				052088A523768F49009D3900 /* Profile Updated.swift in Sources */,
				05C8061C23771D26000F3788 /* Schedule_page.swift in Sources */,
				05857842237663EB00E4A480 /* home_page_client.swift in Sources */,
				05E225FB237622A500820B70 /* Register_page.swift in Sources */,
				05ACF7682376343F00F88507 /* Reset_Password.swift in Sources */,
				05FC37A823760AFF00BC2118 /* AppDelegate.swift in Sources */,
			);
			runOnlyForDeploymentPostprocessing = 0;
		};
/* End PBXSourcesBuildPhase section */

/* Begin PBXVariantGroup section */
		05FC37AB23760AFF00BC2118 /* Main.storyboard */ = {
			isa = PBXVariantGroup;
			children = (
				05FC37AC23760AFF00BC2118 /* Base */,
			);
			name = Main.storyboard;
			sourceTree = "<group>";
		};
/* End PBXVariantGroup section */

/* Begin XCBuildConfiguration section */
		05FC37B423760B0000BC2118 /* Debug */ = {
			isa = XCBuildConfiguration;
			buildSettings = {
				ALWAYS_SEARCH_USER_PATHS = NO;
				CLANG_ANALYZER_NONNULL = YES;
				CLANG_ANALYZER_NUMBER_OBJECT_CONVERSION = YES_AGGRESSIVE;
				CLANG_CXX_LANGUAGE_STANDARD = "gnu++14";
				CLANG_CXX_LIBRARY = "libc++";
				CLANG_ENABLE_MODULES = YES;
				CLANG_ENABLE_OBJC_ARC = YES;
				CLANG_ENABLE_OBJC_WEAK = YES;
				CLANG_WARN_BLOCK_CAPTURE_AUTORELEASING = YES;
				CLANG_WARN_BOOL_CONVERSION = YES;
				CLANG_WARN_COMMA = YES;
				CLANG_WARN_CONSTANT_CONVERSION = YES;
				CLANG_WARN_DEPRECATED_OBJC_IMPLEMENTATIONS = YES;
				CLANG_WARN_DIRECT_OBJC_ISA_USAGE = YES_ERROR;
				CLANG_WARN_DOCUMENTATION_COMMENTS = YES;
				CLANG_WARN_EMPTY_BODY = YES;
				CLANG_WARN_ENUM_CONVERSION = YES;
				CLANG_WARN_INFINITE_RECURSION = YES;
				CLANG_WARN_INT_CONVERSION = YES;
				CLANG_WARN_NON_LITERAL_NULL_CONVERSION = YES;
				CLANG_WARN_OBJC_IMPLICIT_RETAIN_SELF = YES;
				CLANG_WARN_OBJC_LITERAL_CONVERSION = YES;
				CLANG_WARN_OBJC_ROOT_CLASS = YES_ERROR;
				CLANG_WARN_RANGE_LOOP_ANALYSIS = YES;
				CLANG_WARN_STRICT_PROTOTYPES = YES;
				CLANG_WARN_SUSPICIOUS_MOVE = YES;
				CLANG_WARN_UNGUARDED_AVAILABILITY = YES_AGGRESSIVE;
				CLANG_WARN_UNREACHABLE_CODE = YES;
				CLANG_WARN__DUPLICATE_METHOD_MATCH = YES;
				CODE_SIGN_IDENTITY = "iPhone Developer";
				COPY_PHASE_STRIP = NO;
				DEBUG_INFORMATION_FORMAT = dwarf;
				ENABLE_STRICT_OBJC_MSGSEND = YES;
				ENABLE_TESTABILITY = YES;
				GCC_C_LANGUAGE_STANDARD = gnu11;
				GCC_DYNAMIC_NO_PIC = NO;
				GCC_NO_COMMON_BLOCKS = YES;
				GCC_OPTIMIZATION_LEVEL = 0;
				GCC_PREPROCESSOR_DEFINITIONS = (
					"DEBUG=1",
					"$(inherited)",
				);
				GCC_WARN_64_TO_32_BIT_CONVERSION = YES;
				GCC_WARN_ABOUT_RETURN_TYPE = YES_ERROR;
				GCC_WARN_UNDECLARED_SELECTOR = YES;
				GCC_WARN_UNINITIALIZED_AUTOS = YES_AGGRESSIVE;
				GCC_WARN_UNUSED_FUNCTION = YES;
				GCC_WARN_UNUSED_VARIABLE = YES;
				IPHONEOS_DEPLOYMENT_TARGET = 9.0;
				MTL_ENABLE_DEBUG_INFO = YES;
				ONLY_ACTIVE_ARCH = YES;
				SDKROOT = iphoneos;
				SWIFT_ACTIVE_COMPILATION_CONDITIONS = DEBUG;
				SWIFT_OPTIMIZATION_LEVEL = "-Onone";
			};
			name = Debug;
		};
		05FC37B523760B0000BC2118 /* Release */ = {
			isa = XCBuildConfiguration;
			buildSettings = {
				ALWAYS_SEARCH_USER_PATHS = NO;
				CLANG_ANALYZER_NONNULL = YES;
				CLANG_ANALYZER_NUMBER_OBJECT_CONVERSION = YES_AGGRESSIVE;
				CLANG_CXX_LANGUAGE_STANDARD = "gnu++14";
				CLANG_CXX_LIBRARY = "libc++";
				CLANG_ENABLE_MODULES = YES;
				CLANG_ENABLE_OBJC_ARC = YES;
				CLANG_ENABLE_OBJC_WEAK = YES;
				CLANG_WARN_BLOCK_CAPTURE_AUTORELEASING = YES;
				CLANG_WARN_BOOL_CONVERSION = YES;
				CLANG_WARN_COMMA = YES;
				CLANG_WARN_CONSTANT_CONVERSION = YES;
				CLANG_WARN_DEPRECATED_OBJC_IMPLEMENTATIONS = YES;
				CLANG_WARN_DIRECT_OBJC_ISA_USAGE = YES_ERROR;
				CLANG_WARN_DOCUMENTATION_COMMENTS = YES;
				CLANG_WARN_EMPTY_BODY = YES;
				CLANG_WARN_ENUM_CONVERSION = YES;
				CLANG_WARN_INFINITE_RECURSION = YES;
				CLANG_WARN_INT_CONVERSION = YES;
				CLANG_WARN_NON_LITERAL_NULL_CONVERSION = YES;
				CLANG_WARN_OBJC_IMPLICIT_RETAIN_SELF = YES;
				CLANG_WARN_OBJC_LITERAL_CONVERSION = YES;
				CLANG_WARN_OBJC_ROOT_CLASS = YES_ERROR;
				CLANG_WARN_RANGE_LOOP_ANALYSIS = YES;
				CLANG_WARN_STRICT_PROTOTYPES = YES;
				CLANG_WARN_SUSPICIOUS_MOVE = YES;
				CLANG_WARN_UNGUARDED_AVAILABILITY = YES_AGGRESSIVE;
				CLANG_WARN_UNREACHABLE_CODE = YES;
				CLANG_WARN__DUPLICATE_METHOD_MATCH = YES;
				CODE_SIGN_IDENTITY = "iPhone Developer";
				COPY_PHASE_STRIP = NO;
				DEBUG_INFORMATION_FORMAT = "dwarf-with-dsym";
				ENABLE_NS_ASSERTIONS = NO;
				ENABLE_STRICT_OBJC_MSGSEND = YES;
				GCC_C_LANGUAGE_STANDARD = gnu11;
				GCC_NO_COMMON_BLOCKS = YES;
				GCC_WARN_64_TO_32_BIT_CONVERSION = YES;
				GCC_WARN_ABOUT_RETURN_TYPE = YES_ERROR;
				GCC_WARN_UNDECLARED_SELECTOR = YES;
				GCC_WARN_UNINITIALIZED_AUTOS = YES_AGGRESSIVE;
				GCC_WARN_UNUSED_FUNCTION = YES;
				GCC_WARN_UNUSED_VARIABLE = YES;
				IPHONEOS_DEPLOYMENT_TARGET = 9.0;
				MTL_ENABLE_DEBUG_INFO = NO;
				SDKROOT = iphoneos;
				SWIFT_COMPILATION_MODE = wholemodule;
				SWIFT_OPTIMIZATION_LEVEL = "-O";
				VALIDATE_PRODUCT = YES;
			};
			name = Release;
		};
		05FC37B723760B0000BC2118 /* Debug */ = {
			isa = XCBuildConfiguration;
			buildSettings = {
				ASSETCATALOG_COMPILER_APPICON_NAME = AppIcon;
				CODE_SIGN_IDENTITY = "iPhone Developer";
				CODE_SIGN_STYLE = Automatic;
				DEVELOPMENT_TEAM = T9CL7Z2SPN;
				INFOPLIST_FILE = Bearthworld/Info.plist;
				IPHONEOS_DEPLOYMENT_TARGET = 11.4;
				LD_RUNPATH_SEARCH_PATHS = (
					"$(inherited)",
					"@executable_path/Frameworks",
				);
				PRODUCT_BUNDLE_IDENTIFIER = ABBAS.ALSHAIKH.Bearthworld;
				PRODUCT_NAME = "$(TARGET_NAME)";
				PROVISIONING_PROFILE_SPECIFIER = "";
				SWIFT_VERSION = 5.0;
				TARGETED_DEVICE_FAMILY = 1;
			};
			name = Debug;
		};
		05FC37B823760B0000BC2118 /* Release */ = {
			isa = XCBuildConfiguration;
			buildSettings = {
				ASSETCATALOG_COMPILER_APPICON_NAME = AppIcon;
				CODE_SIGN_IDENTITY = "iPhone Developer";
				CODE_SIGN_STYLE = Automatic;
				DEVELOPMENT_TEAM = T9CL7Z2SPN;
				INFOPLIST_FILE = Bearthworld/Info.plist;
				IPHONEOS_DEPLOYMENT_TARGET = 11.4;
				LD_RUNPATH_SEARCH_PATHS = (
					"$(inherited)",
					"@executable_path/Frameworks",
				);
				PRODUCT_BUNDLE_IDENTIFIER = ABBAS.ALSHAIKH.Bearthworld;
				PRODUCT_NAME = "$(TARGET_NAME)";
				PROVISIONING_PROFILE_SPECIFIER = "";
				SWIFT_VERSION = 5.0;
				TARGETED_DEVICE_FAMILY = 1;
			};
			name = Release;
		};
/* End XCBuildConfiguration section */

/* Begin XCConfigurationList section */
		05FC379F23760AFF00BC2118 /* Build configuration list for PBXProject "Bearthworld" */ = {
			isa = XCConfigurationList;
			buildConfigurations = (
				05FC37B423760B0000BC2118 /* Debug */,
				05FC37B523760B0000BC2118 /* Release */,
			);
			defaultConfigurationIsVisible = 0;
			defaultConfigurationName = Release;
		};
		05FC37B623760B0000BC2118 /* Build configuration list for PBXNativeTarget "Bearthworld" */ = {
			isa = XCConfigurationList;
			buildConfigurations = (
				05FC37B723760B0000BC2118 /* Debug */,
				05FC37B823760B0000BC2118 /* Release */,
			);
			defaultConfigurationIsVisible = 0;
			defaultConfigurationName = Release;
		};
/* End XCConfigurationList section */
	};
	rootObject = 05FC379C23760AFF00BC2118 /* Project object */;
}
